// !$*UTF8*$!
{
	archiveVersion = 1;
	classes = {
	};
	objectVersion = 77;
	objects = {

/* Begin PBXBuildFile section */
		152039052E06F3F50062CE5D /* PostViewModel.swift in Sources */ = {isa = PBXBuildFile; fileRef = 152039042E06F3F50062CE5D /* PostViewModel.swift */; };
		152039072E07DCB40062CE5D /* PostTableViewCell.swift in Sources */ = {isa = PBXBuildFile; fileRef = 152039062E07DCB40062CE5D /* PostTableViewCell.swift */; };
		152039092E07EDC50062CE5D /* PostDetailView.swift in Sources */ = {isa = PBXBuildFile; fileRef = 152039082E07EDC50062CE5D /* PostDetailView.swift */; };
		1520390B2E07EF3C0062CE5D /* PostDetailModel.swift in Sources */ = {isa = PBXBuildFile; fileRef = 1520390A2E07EF3C0062CE5D /* PostDetailModel.swift */; };
		1520390D2E07EFF80062CE5D /* PostDetailService.swift in Sources */ = {isa = PBXBuildFile; fileRef = 1520390C2E07EFF80062CE5D /* PostDetailService.swift */; };
		1520390F2E07F0E40062CE5D /* PostDetailViewModel.swift in Sources */ = {isa = PBXBuildFile; fileRef = 1520390E2E07F0E40062CE5D /* PostDetailViewModel.swift */; };
		152039142E08FE240062CE5D /* TagPillCell.swift in Sources */ = {isa = PBXBuildFile; fileRef = 152039132E08FE240062CE5D /* TagPillCell.swift */; };
		1523AE6D2E03F1540025D5FF /* ReviewTableViewCell.swift in Sources */ = {isa = PBXBuildFile; fileRef = 1523AE6C2E03F1540025D5FF /* ReviewTableViewCell.swift */; };
		1539EF412E02BA4700ABE12E /* LoginViewController.swift in Sources */ = {isa = PBXBuildFile; fileRef = 1539EF402E02BA4700ABE12E /* LoginViewController.swift */; };
		1539EF442E02BCC400ABE12E /* SnapKit in Frameworks */ = {isa = PBXBuildFile; productRef = 1539EF432E02BCC400ABE12E /* SnapKit */; };
		1539EF472E02BCD800ABE12E /* SDWebImage in Frameworks */ = {isa = PBXBuildFile; productRef = 1539EF462E02BCD800ABE12E /* SDWebImage */; };
		153CABBE2E05A74100EF259D /* CartManager.swift in Sources */ = {isa = PBXBuildFile; fileRef = 153CABBD2E05A74100EF259D /* CartManager.swift */; };
		153CABC12E05A78F00EF259D /* CartItemModel.swift in Sources */ = {isa = PBXBuildFile; fileRef = 153CABC02E05A78F00EF259D /* CartItemModel.swift */; };
		153CABC52E06960B00EF259D /* PostModel.swift in Sources */ = {isa = PBXBuildFile; fileRef = 153CABC42E06960B00EF259D /* PostModel.swift */; };
		153CABC82E06DD4A00EF259D /* PostListService.swift in Sources */ = {isa = PBXBuildFile; fileRef = 153CABC72E06DD4A00EF259D /* PostListService.swift */; };
		15E8723C2E02C98C0038BEB7 /* APIConfig.swift in Sources */ = {isa = PBXBuildFile; fileRef = 15E8723B2E02C98C0038BEB7 /* APIConfig.swift */; };
		15E8723F2E02CA7D0038BEB7 /* AuthModel.swift in Sources */ = {isa = PBXBuildFile; fileRef = 15E8723E2E02CA7D0038BEB7 /* AuthModel.swift */; };
		15E872422E02DF850038BEB7 /* AuthService.swift in Sources */ = {isa = PBXBuildFile; fileRef = 15E872412E02DF850038BEB7 /* AuthService.swift */; };
		15E8724B2E02E3510038BEB7 /* AuthViewModel.swift in Sources */ = {isa = PBXBuildFile; fileRef = 15E8724A2E02E3510038BEB7 /* AuthViewModel.swift */; };
		15E8724E2E02E55A0038BEB7 /* CombineCocoa in Frameworks */ = {isa = PBXBuildFile; productRef = 15E8724D2E02E55A0038BEB7 /* CombineCocoa */; };
		15E872502E02E7690038BEB7 /* MainTabBarController.swift in Sources */ = {isa = PBXBuildFile; fileRef = 15E8724F2E02E7690038BEB7 /* MainTabBarController.swift */; };
		15E872552E02E95B0038BEB7 /* ProductsViewController.swift in Sources */ = {isa = PBXBuildFile; fileRef = 15E872542E02E95B0038BEB7 /* ProductsViewController.swift */; };
		15E872572E02E9780038BEB7 /* UsersViewController.swift in Sources */ = {isa = PBXBuildFile; fileRef = 15E872562E02E9780038BEB7 /* UsersViewController.swift */; };
		15E872592E02E9A40038BEB7 /* PostHomeViewController.swift in Sources */ = {isa = PBXBuildFile; fileRef = 15E872582E02E9A40038BEB7 /* PostHomeViewController.swift */; };
		15E8725C2E02F5180038BEB7 /* UserModel.swift in Sources */ = {isa = PBXBuildFile; fileRef = 15E8725B2E02F5180038BEB7 /* UserModel.swift */; };
		15E8725F2E02F6CE0038BEB7 /* UsersViewModel.swift in Sources */ = {isa = PBXBuildFile; fileRef = 15E8725E2E02F6CE0038BEB7 /* UsersViewModel.swift */; };
		15E872622E0302700038BEB7 /* NetworkManager.swift in Sources */ = {isa = PBXBuildFile; fileRef = 15E872612E0302700038BEB7 /* NetworkManager.swift */; };
		15E872652E03B1BC0038BEB7 /* ProductModel.swift in Sources */ = {isa = PBXBuildFile; fileRef = 15E872642E03B1BC0038BEB7 /* ProductModel.swift */; };
		15E872682E03B1EC0038BEB7 /* ProductService.swift in Sources */ = {isa = PBXBuildFile; fileRef = 15E872672E03B1EC0038BEB7 /* ProductService.swift */; };
		15E8726B2E03B5D30038BEB7 /* ProductsViewModel.swift in Sources */ = {isa = PBXBuildFile; fileRef = 15E8726A2E03B5D30038BEB7 /* ProductsViewModel.swift */; };
		15E8726D2E03B6E00038BEB7 /* ProductDetailViewModel.swift in Sources */ = {isa = PBXBuildFile; fileRef = 15E8726C2E03B6E00038BEB7 /* ProductDetailViewModel.swift */; };
		15E8726F2E03BDFE0038BEB7 /* ProductTableViewCell.swift in Sources */ = {isa = PBXBuildFile; fileRef = 15E8726E2E03BDFE0038BEB7 /* ProductTableViewCell.swift */; };
		15E872712E03E02E0038BEB7 /* ProductDetailViewController.swift in Sources */ = {isa = PBXBuildFile; fileRef = 15E872702E03E02E0038BEB7 /* ProductDetailViewController.swift */; };
		15E872732E03EB9C0038BEB7 /* ReviewsViewController.swift in Sources */ = {isa = PBXBuildFile; fileRef = 15E872722E03EB9C0038BEB7 /* ReviewsViewController.swift */; };
/* End PBXBuildFile section */

/* Begin PBXFileReference section */
		152039042E06F3F50062CE5D /* PostViewModel.swift */ = {isa = PBXFileReference; lastKnownFileType = sourcecode.swift; path = PostViewModel.swift; sourceTree = "<group>"; };
		152039062E07DCB40062CE5D /* PostTableViewCell.swift */ = {isa = PBXFileReference; lastKnownFileType = sourcecode.swift; path = PostTableViewCell.swift; sourceTree = "<group>"; };
		152039082E07EDC50062CE5D /* PostDetailView.swift */ = {isa = PBXFileReference; lastKnownFileType = sourcecode.swift; path = PostDetailView.swift; sourceTree = "<group>"; };
		1520390A2E07EF3C0062CE5D /* PostDetailModel.swift */ = {isa = PBXFileReference; lastKnownFileType = sourcecode.swift; path = PostDetailModel.swift; sourceTree = "<group>"; };
		1520390C2E07EFF80062CE5D /* PostDetailService.swift */ = {isa = PBXFileReference; lastKnownFileType = sourcecode.swift; path = PostDetailService.swift; sourceTree = "<group>"; };
		1520390E2E07F0E40062CE5D /* PostDetailViewModel.swift */ = {isa = PBXFileReference; lastKnownFileType = sourcecode.swift; path = PostDetailViewModel.swift; sourceTree = "<group>"; };
		152039132E08FE240062CE5D /* TagPillCell.swift */ = {isa = PBXFileReference; lastKnownFileType = sourcecode.swift; path = TagPillCell.swift; sourceTree = "<group>"; };
		1523AE6C2E03F1540025D5FF /* ReviewTableViewCell.swift */ = {isa = PBXFileReference; lastKnownFileType = sourcecode.swift; path = ReviewTableViewCell.swift; sourceTree = "<group>"; };
		1539EF232E02B99400ABE12E /* DummyJSONProject.app */ = {isa = PBXFileReference; explicitFileType = wrapper.application; includeInIndex = 0; path = DummyJSONProject.app; sourceTree = BUILT_PRODUCTS_DIR; };
		1539EF402E02BA4700ABE12E /* LoginViewController.swift */ = {isa = PBXFileReference; lastKnownFileType = sourcecode.swift; path = LoginViewController.swift; sourceTree = "<group>"; };
		153CABBD2E05A74100EF259D /* CartManager.swift */ = {isa = PBXFileReference; lastKnownFileType = sourcecode.swift; path = CartManager.swift; sourceTree = "<group>"; };
		153CABC02E05A78F00EF259D /* CartItemModel.swift */ = {isa = PBXFileReference; lastKnownFileType = sourcecode.swift; path = CartItemModel.swift; sourceTree = "<group>"; };
		153CABC42E06960B00EF259D /* PostModel.swift */ = {isa = PBXFileReference; lastKnownFileType = sourcecode.swift; path = PostModel.swift; sourceTree = "<group>"; };
		153CABC72E06DD4A00EF259D /* PostListService.swift */ = {isa = PBXFileReference; lastKnownFileType = sourcecode.swift; path = PostListService.swift; sourceTree = "<group>"; };
		15E8723B2E02C98C0038BEB7 /* APIConfig.swift */ = {isa = PBXFileReference; lastKnownFileType = sourcecode.swift; path = APIConfig.swift; sourceTree = "<group>"; };
		15E8723E2E02CA7D0038BEB7 /* AuthModel.swift */ = {isa = PBXFileReference; lastKnownFileType = sourcecode.swift; path = AuthModel.swift; sourceTree = "<group>"; };
		15E872412E02DF850038BEB7 /* AuthService.swift */ = {isa = PBXFileReference; lastKnownFileType = sourcecode.swift; path = AuthService.swift; sourceTree = "<group>"; };
		15E8724A2E02E3510038BEB7 /* AuthViewModel.swift */ = {isa = PBXFileReference; lastKnownFileType = sourcecode.swift; path = AuthViewModel.swift; sourceTree = "<group>"; };
		15E8724F2E02E7690038BEB7 /* MainTabBarController.swift */ = {isa = PBXFileReference; lastKnownFileType = sourcecode.swift; path = MainTabBarController.swift; sourceTree = "<group>"; };
		15E872542E02E95B0038BEB7 /* ProductsViewController.swift */ = {isa = PBXFileReference; lastKnownFileType = sourcecode.swift; path = ProductsViewController.swift; sourceTree = "<group>"; };
		15E872562E02E9780038BEB7 /* UsersViewController.swift */ = {isa = PBXFileReference; lastKnownFileType = sourcecode.swift; path = UsersViewController.swift; sourceTree = "<group>"; };
		15E872582E02E9A40038BEB7 /* PostHomeViewController.swift */ = {isa = PBXFileReference; lastKnownFileType = sourcecode.swift; path = PostHomeViewController.swift; sourceTree = "<group>"; };
		15E8725B2E02F5180038BEB7 /* UserModel.swift */ = {isa = PBXFileReference; lastKnownFileType = sourcecode.swift; path = UserModel.swift; sourceTree = "<group>"; };
		15E8725E2E02F6CE0038BEB7 /* UsersViewModel.swift */ = {isa = PBXFileReference; lastKnownFileType = sourcecode.swift; path = UsersViewModel.swift; sourceTree = "<group>"; };
		15E872612E0302700038BEB7 /* NetworkManager.swift */ = {isa = PBXFileReference; lastKnownFileType = sourcecode.swift; path = NetworkManager.swift; sourceTree = "<group>"; };
		15E872642E03B1BC0038BEB7 /* ProductModel.swift */ = {isa = PBXFileReference; lastKnownFileType = sourcecode.swift; path = ProductModel.swift; sourceTree = "<group>"; };
		15E872672E03B1EC0038BEB7 /* ProductService.swift */ = {isa = PBXFileReference; lastKnownFileType = sourcecode.swift; path = ProductService.swift; sourceTree = "<group>"; };
		15E8726A2E03B5D30038BEB7 /* ProductsViewModel.swift */ = {isa = PBXFileReference; lastKnownFileType = sourcecode.swift; path = ProductsViewModel.swift; sourceTree = "<group>"; };
		15E8726C2E03B6E00038BEB7 /* ProductDetailViewModel.swift */ = {isa = PBXFileReference; lastKnownFileType = sourcecode.swift; path = ProductDetailViewModel.swift; sourceTree = "<group>"; };
		15E8726E2E03BDFE0038BEB7 /* ProductTableViewCell.swift */ = {isa = PBXFileReference; lastKnownFileType = sourcecode.swift; path = ProductTableViewCell.swift; sourceTree = "<group>"; };
		15E872702E03E02E0038BEB7 /* ProductDetailViewController.swift */ = {isa = PBXFileReference; lastKnownFileType = sourcecode.swift; path = ProductDetailViewController.swift; sourceTree = "<group>"; };
		15E872722E03EB9C0038BEB7 /* ReviewsViewController.swift */ = {isa = PBXFileReference; lastKnownFileType = sourcecode.swift; path = ReviewsViewController.swift; sourceTree = "<group>"; };
/* End PBXFileReference section */

/* Begin PBXFileSystemSynchronizedBuildFileExceptionSet section */
		1539EF352E02B99600ABE12E /* Exceptions for "DummyJSONProject" folder in "DummyJSONProject" target */ = {
			isa = PBXFileSystemSynchronizedBuildFileExceptionSet;
			membershipExceptions = (
				Info.plist,
			);
			target = 1539EF222E02B99400ABE12E /* DummyJSONProject */;
		};
/* End PBXFileSystemSynchronizedBuildFileExceptionSet section */

/* Begin PBXFileSystemSynchronizedRootGroup section */
		1539EF252E02B99400ABE12E /* DummyJSONProject */ = {
			isa = PBXFileSystemSynchronizedRootGroup;
			exceptions = (
				1539EF352E02B99600ABE12E /* Exceptions for "DummyJSONProject" folder in "DummyJSONProject" target */,
			);
			path = DummyJSONProject;
			sourceTree = "<group>";
		};
/* End PBXFileSystemSynchronizedRootGroup section */

/* Begin PBXFrameworksBuildPhase section */
		1539EF202E02B99400ABE12E /* Frameworks */ = {
			isa = PBXFrameworksBuildPhase;
			buildActionMask = 2147483647;
			files = (
				1539EF472E02BCD800ABE12E /* SDWebImage in Frameworks */,
				15E8724E2E02E55A0038BEB7 /* CombineCocoa in Frameworks */,
				1539EF442E02BCC400ABE12E /* SnapKit in Frameworks */,
			);
			runOnlyForDeploymentPostprocessing = 0;
		};
/* End PBXFrameworksBuildPhase section */

/* Begin PBXGroup section */
		152039032E06EFCA0062CE5D /* PostVM */ = {
			isa = PBXGroup;
			children = (
				152039042E06F3F50062CE5D /* PostViewModel.swift */,
				1520390E2E07F0E40062CE5D /* PostDetailViewModel.swift */,
			);
			path = PostVM;
			sourceTree = "<group>";
		};
		152039102E08478B0062CE5D /* PostDetailView */ = {
			isa = PBXGroup;
			children = (
				152039082E07EDC50062CE5D /* PostDetailView.swift */,
				152039132E08FE240062CE5D /* TagPillCell.swift */,
			);
			path = PostDetailView;
			sourceTree = "<group>";
		};
		1539EF1A2E02B99400ABE12E = {
			isa = PBXGroup;
			children = (
				15E872602E03025D0038BEB7 /* Managers */,
				15E8723A2E02C93F0038BEB7 /* Controllers */,
				1539EF3E2E02B9DE00ABE12E /* Services */,
				1539EF3D2E02B9D900ABE12E /* Views */,
				1539EF3C2E02B9D000ABE12E /* ViewModels */,
				1539EF3B2E02B9CA00ABE12E /* Models */,
				1539EF252E02B99400ABE12E /* DummyJSONProject */,
				1539EF242E02B99400ABE12E /* Products */,
			);
			sourceTree = "<group>";
		};
		1539EF242E02B99400ABE12E /* Products */ = {
			isa = PBXGroup;
			children = (
				1539EF232E02B99400ABE12E /* DummyJSONProject.app */,
			);
			name = Products;
			sourceTree = "<group>";
		};
		1539EF3B2E02B9CA00ABE12E /* Models */ = {
			isa = PBXGroup;
			children = (
				153CABC22E0695EF00EF259D /* PostModels */,
				153CABBF2E05A77600EF259D /* CartModels */,
				15E872632E03B1B00038BEB7 /* ProductModels */,
				15E8725A2E02F4FE0038BEB7 /* UserModels */,
				15E8723D2E02CA5E0038BEB7 /* AuthModels */,
			);
			path = Models;
			sourceTree = "<group>";
		};
		1539EF3C2E02B9D000ABE12E /* ViewModels */ = {
			isa = PBXGroup;
			children = (
				152039032E06EFCA0062CE5D /* PostVM */,
				15E872692E03B4F60038BEB7 /* ProductVM */,
				15E8725D2E02F6BD0038BEB7 /* UserVM */,
				15E872492E02E33D0038BEB7 /* AuthVM */,
			);
			path = ViewModels;
			sourceTree = "<group>";
		};
		1539EF3D2E02B9D900ABE12E /* Views */ = {
			isa = PBXGroup;
			children = (
				15E872532E02E94A0038BEB7 /* PostView */,
				15E872522E02E9400038BEB7 /* UserView */,
				15E872512E02E9330038BEB7 /* ProductsView */,
				1539EF3F2E02BA2E00ABE12E /* LoginView */,
			);
			path = Views;
			sourceTree = "<group>";
		};
		1539EF3E2E02B9DE00ABE12E /* Services */ = {
			isa = PBXGroup;
			children = (
				153CABC62E06DD2D00EF259D /* PostServices */,
				15E872662E03B1D40038BEB7 /* ProductServices */,
				15E872402E02DF740038BEB7 /* AuthServices */,
			);
			path = Services;
			sourceTree = "<group>";
		};
		1539EF3F2E02BA2E00ABE12E /* LoginView */ = {
			isa = PBXGroup;
			children = (
				1539EF402E02BA4700ABE12E /* LoginViewController.swift */,
			);
			path = LoginView;
			sourceTree = "<group>";
		};
		153CABBB2E054D9B00EF259D /* RandomTableView */ = {
			isa = PBXGroup;
			children = (
				15E872542E02E95B0038BEB7 /* ProductsViewController.swift */,
				15E8726E2E03BDFE0038BEB7 /* ProductTableViewCell.swift */,
			);
			path = RandomTableView;
			sourceTree = "<group>";
		};
		153CABBC2E054F9E00EF259D /* ProductDetailView */ = {
			isa = PBXGroup;
			children = (
				15E872702E03E02E0038BEB7 /* ProductDetailViewController.swift */,
			);
			path = ProductDetailView;
			sourceTree = "<group>";
		};
		153CABBF2E05A77600EF259D /* CartModels */ = {
			isa = PBXGroup;
			children = (
				153CABC02E05A78F00EF259D /* CartItemModel.swift */,
			);
			path = CartModels;
			sourceTree = "<group>";
		};
		153CABC22E0695EF00EF259D /* PostModels */ = {
			isa = PBXGroup;
			children = (
				153CABC42E06960B00EF259D /* PostModel.swift */,
				1520390A2E07EF3C0062CE5D /* PostDetailModel.swift */,
			);
			path = PostModels;
			sourceTree = "<group>";
		};
		153CABC62E06DD2D00EF259D /* PostServices */ = {
			isa = PBXGroup;
			children = (
				153CABC72E06DD4A00EF259D /* PostListService.swift */,
				1520390C2E07EFF80062CE5D /* PostDetailService.swift */,
			);
			path = PostServices;
			sourceTree = "<group>";
		};
		15E8723A2E02C93F0038BEB7 /* Controllers */ = {
			isa = PBXGroup;
			children = (
				15E8724F2E02E7690038BEB7 /* MainTabBarController.swift */,
			);
			path = Controllers;
			sourceTree = "<group>";
		};
		15E8723D2E02CA5E0038BEB7 /* AuthModels */ = {
			isa = PBXGroup;
			children = (
				15E8723E2E02CA7D0038BEB7 /* AuthModel.swift */,
			);
			path = AuthModels;
			sourceTree = "<group>";
		};
		15E872402E02DF740038BEB7 /* AuthServices */ = {
			isa = PBXGroup;
			children = (
				15E872412E02DF850038BEB7 /* AuthService.swift */,
				15E8723B2E02C98C0038BEB7 /* APIConfig.swift */,
			);
			path = AuthServices;
			sourceTree = "<group>";
		};
		15E872492E02E33D0038BEB7 /* AuthVM */ = {
			isa = PBXGroup;
			children = (
				15E8724A2E02E3510038BEB7 /* AuthViewModel.swift */,
			);
			path = AuthVM;
			sourceTree = "<group>";
		};
		15E872512E02E9330038BEB7 /* ProductsView */ = {
			isa = PBXGroup;
			children = (
				153CABBC2E054F9E00EF259D /* ProductDetailView */,
				153CABBB2E054D9B00EF259D /* RandomTableView */,
				15E872A02E03F1110038BEB7 /* ReviewView */,
			);
			path = ProductsView;
			sourceTree = "<group>";
		};
		15E872522E02E9400038BEB7 /* UserView */ = {
			isa = PBXGroup;
			children = (
				15E872562E02E9780038BEB7 /* UsersViewController.swift */,
			);
			path = UserView;
			sourceTree = "<group>";
		};
		15E872532E02E94A0038BEB7 /* PostView */ = {
			isa = PBXGroup;
			children = (
				152039102E08478B0062CE5D /* PostDetailView */,
				15E872582E02E9A40038BEB7 /* PostHomeViewController.swift */,
				152039062E07DCB40062CE5D /* PostTableViewCell.swift */,
			);
			path = PostView;
			sourceTree = "<group>";
		};
		15E8725A2E02F4FE0038BEB7 /* UserModels */ = {
			isa = PBXGroup;
			children = (
				15E8725B2E02F5180038BEB7 /* UserModel.swift */,
			);
			path = UserModels;
			sourceTree = "<group>";
		};
		15E8725D2E02F6BD0038BEB7 /* UserVM */ = {
			isa = PBXGroup;
			children = (
				15E8725E2E02F6CE0038BEB7 /* UsersViewModel.swift */,
			);
			path = UserVM;
			sourceTree = "<group>";
		};
		15E872602E03025D0038BEB7 /* Managers */ = {
			isa = PBXGroup;
			children = (
				15E872612E0302700038BEB7 /* NetworkManager.swift */,
				153CABBD2E05A74100EF259D /* CartManager.swift */,
			);
			path = Managers;
			sourceTree = "<group>";
		};
		15E872632E03B1B00038BEB7 /* ProductModels */ = {
			isa = PBXGroup;
			children = (
				15E872642E03B1BC0038BEB7 /* ProductModel.swift */,
			);
			path = ProductModels;
			sourceTree = "<group>";
		};
		15E872662E03B1D40038BEB7 /* ProductServices */ = {
			isa = PBXGroup;
			children = (
				15E872672E03B1EC0038BEB7 /* ProductService.swift */,
			);
			path = ProductServices;
			sourceTree = "<group>";
		};
		15E872692E03B4F60038BEB7 /* ProductVM */ = {
			isa = PBXGroup;
			children = (
				15E8726A2E03B5D30038BEB7 /* ProductsViewModel.swift */,
				15E8726C2E03B6E00038BEB7 /* ProductDetailViewModel.swift */,
			);
			path = ProductVM;
			sourceTree = "<group>";
		};
		15E872A02E03F1110038BEB7 /* ReviewView */ = {
			isa = PBXGroup;
			children = (
				15E872722E03EB9C0038BEB7 /* ReviewsViewController.swift */,
				1523AE6C2E03F1540025D5FF /* ReviewTableViewCell.swift */,
			);
			path = ReviewView;
			sourceTree = "<group>";
		};
/* End PBXGroup section */

/* Begin PBXNativeTarget section */
		1539EF222E02B99400ABE12E /* DummyJSONProject */ = {
			isa = PBXNativeTarget;
			buildConfigurationList = 1539EF362E02B99600ABE12E /* Build configuration list for PBXNativeTarget "DummyJSONProject" */;
			buildPhases = (
				1539EF1F2E02B99400ABE12E /* Sources */,
				1539EF202E02B99400ABE12E /* Frameworks */,
				1539EF212E02B99400ABE12E /* Resources */,
			);
			buildRules = (
			);
			dependencies = (
			);
			fileSystemSynchronizedGroups = (
				1539EF252E02B99400ABE12E /* DummyJSONProject */,
			);
			name = DummyJSONProject;
			packageProductDependencies = (
				1539EF432E02BCC400ABE12E /* SnapKit */,
				1539EF462E02BCD800ABE12E /* SDWebImage */,
				15E8724D2E02E55A0038BEB7 /* CombineCocoa */,
			);
			productName = DummyJSONProject;
			productReference = 1539EF232E02B99400ABE12E /* DummyJSONProject.app */;
			productType = "com.apple.product-type.application";
		};
/* End PBXNativeTarget section */

/* Begin PBXProject section */
		1539EF1B2E02B99400ABE12E /* Project object */ = {
			isa = PBXProject;
			attributes = {
				BuildIndependentTargetsInParallel = 1;
				LastSwiftUpdateCheck = 1640;
				LastUpgradeCheck = 1640;
				TargetAttributes = {
					1539EF222E02B99400ABE12E = {
						CreatedOnToolsVersion = 16.4;
					};
				};
			};
			buildConfigurationList = 1539EF1E2E02B99400ABE12E /* Build configuration list for PBXProject "DummyJSONProject" */;
			developmentRegion = en;
			hasScannedForEncodings = 0;
			knownRegions = (
				en,
				Base,
			);
			mainGroup = 1539EF1A2E02B99400ABE12E;
			minimizedProjectReferenceProxies = 1;
			packageReferences = (
				1539EF422E02BCC400ABE12E /* XCRemoteSwiftPackageReference "SnapKit" */,
				1539EF452E02BCD800ABE12E /* XCRemoteSwiftPackageReference "SDWebImage" */,
				15E8724C2E02E55A0038BEB7 /* XCRemoteSwiftPackageReference "CombineCocoa" */,
			);
			preferredProjectObjectVersion = 77;
			productRefGroup = 1539EF242E02B99400ABE12E /* Products */;
			projectDirPath = "";
			projectRoot = "";
			targets = (
				1539EF222E02B99400ABE12E /* DummyJSONProject */,
			);
		};
/* End PBXProject section */

/* Begin PBXResourcesBuildPhase section */
		1539EF212E02B99400ABE12E /* Resources */ = {
			isa = PBXResourcesBuildPhase;
			buildActionMask = 2147483647;
			files = (
			);
			runOnlyForDeploymentPostprocessing = 0;
		};
/* End PBXResourcesBuildPhase section */

/* Begin PBXSourcesBuildPhase section */
		1539EF1F2E02B99400ABE12E /* Sources */ = {
			isa = PBXSourcesBuildPhase;
			buildActionMask = 2147483647;
			files = (
				15E8726B2E03B5D30038BEB7 /* ProductsViewModel.swift in Sources */,
				153CABBE2E05A74100EF259D /* CartManager.swift in Sources */,
				15E872592E02E9A40038BEB7 /* PostHomeViewController.swift in Sources */,
				15E872712E03E02E0038BEB7 /* ProductDetailViewController.swift in Sources */,
				1520390F2E07F0E40062CE5D /* PostDetailViewModel.swift in Sources */,
				152039072E07DCB40062CE5D /* PostTableViewCell.swift in Sources */,
				15E8725F2E02F6CE0038BEB7 /* UsersViewModel.swift in Sources */,
				152039052E06F3F50062CE5D /* PostViewModel.swift in Sources */,
				153CABC52E06960B00EF259D /* PostModel.swift in Sources */,
				1539EF412E02BA4700ABE12E /* LoginViewController.swift in Sources */,
				15E872502E02E7690038BEB7 /* MainTabBarController.swift in Sources */,
				1520390B2E07EF3C0062CE5D /* PostDetailModel.swift in Sources */,
				15E872572E02E9780038BEB7 /* UsersViewController.swift in Sources */,
				15E872682E03B1EC0038BEB7 /* ProductService.swift in Sources */,
				15E8725C2E02F5180038BEB7 /* UserModel.swift in Sources */,
				15E872552E02E95B0038BEB7 /* ProductsViewController.swift in Sources */,
				15E8726D2E03B6E00038BEB7 /* ProductDetailViewModel.swift in Sources */,
				153CABC82E06DD4A00EF259D /* PostListService.swift in Sources */,
				15E8724B2E02E3510038BEB7 /* AuthViewModel.swift in Sources */,
				15E8723C2E02C98C0038BEB7 /* APIConfig.swift in Sources */,
				152039092E07EDC50062CE5D /* PostDetailView.swift in Sources */,
				153CABC12E05A78F00EF259D /* CartItemModel.swift in Sources */,
				152039142E08FE240062CE5D /* TagPillCell.swift in Sources */,
				15E872622E0302700038BEB7 /* NetworkManager.swift in Sources */,
				15E8723F2E02CA7D0038BEB7 /* AuthModel.swift in Sources */,
				15E872732E03EB9C0038BEB7 /* ReviewsViewController.swift in Sources */,
				15E8726F2E03BDFE0038BEB7 /* ProductTableViewCell.swift in Sources */,
				1520390D2E07EFF80062CE5D /* PostDetailService.swift in Sources */,
				15E872422E02DF850038BEB7 /* AuthService.swift in Sources */,
				1523AE6D2E03F1540025D5FF /* ReviewTableViewCell.swift in Sources */,
				15E872652E03B1BC0038BEB7 /* ProductModel.swift in Sources */,
			);
			runOnlyForDeploymentPostprocessing = 0;
		};
/* End PBXSourcesBuildPhase section */

/* Begin XCBuildConfiguration section */
		1539EF372E02B99600ABE12E /* Debug */ = {
			isa = XCBuildConfiguration;
			buildSettings = {
				ASSETCATALOG_COMPILER_APPICON_NAME = AppIcon;
				ASSETCATALOG_COMPILER_GLOBAL_ACCENT_COLOR_NAME = AccentColor;
				CODE_SIGN_STYLE = Automatic;
				CURRENT_PROJECT_VERSION = 1;
				DEVELOPMENT_TEAM = G5A93Q7SG9;
				GENERATE_INFOPLIST_FILE = YES;
				INFOPLIST_FILE = DummyJSONProject/Info.plist;
				INFOPLIST_KEY_UIApplicationSupportsIndirectInputEvents = YES;
				INFOPLIST_KEY_UILaunchStoryboardName = LaunchScreen;
				INFOPLIST_KEY_UISupportedInterfaceOrientations_iPad = "UIInterfaceOrientationPortrait UIInterfaceOrientationPortraitUpsideDown UIInterfaceOrientationLandscapeLeft UIInterfaceOrientationLandscapeRight";
				INFOPLIST_KEY_UISupportedInterfaceOrientations_iPhone = "UIInterfaceOrientationPortrait UIInterfaceOrientationLandscapeLeft UIInterfaceOrientationLandscapeRight";
				LD_RUNPATH_SEARCH_PATHS = (
					"$(inherited)",
					"@executable_path/Frameworks",
				);
				MARKETING_VERSION = 1.0;
				PRODUCT_BUNDLE_IDENTIFIER = co.willyhsu.DummyJSONProject;
				PRODUCT_NAME = "$(TARGET_NAME)";
				SWIFT_EMIT_LOC_STRINGS = YES;
				SWIFT_VERSION = 5.0;
				TARGETED_DEVICE_FAMILY = "1,2";
			};
			name = Debug;
		};
		1539EF382E02B99600ABE12E /* Release */ = {
			isa = XCBuildConfiguration;
			buildSettings = {
				ASSETCATALOG_COMPILER_APPICON_NAME = AppIcon;
				ASSETCATALOG_COMPILER_GLOBAL_ACCENT_COLOR_NAME = AccentColor;
				CODE_SIGN_STYLE = Automatic;
				CURRENT_PROJECT_VERSION = 1;
				DEVELOPMENT_TEAM = G5A93Q7SG9;
				GENERATE_INFOPLIST_FILE = YES;
				INFOPLIST_FILE = DummyJSONProject/Info.plist;
				INFOPLIST_KEY_UIApplicationSupportsIndirectInputEvents = YES;
				INFOPLIST_KEY_UILaunchStoryboardName = LaunchScreen;
				INFOPLIST_KEY_UISupportedInterfaceOrientations_iPad = "UIInterfaceOrientationPortrait UIInterfaceOrientationPortraitUpsideDown UIInterfaceOrientationLandscapeLeft UIInterfaceOrientationLandscapeRight";
				INFOPLIST_KEY_UISupportedInterfaceOrientations_iPhone = "UIInterfaceOrientationPortrait UIInterfaceOrientationLandscapeLeft UIInterfaceOrientationLandscapeRight";
				LD_RUNPATH_SEARCH_PATHS = (
					"$(inherited)",
					"@executable_path/Frameworks",
				);
				MARKETING_VERSION = 1.0;
				PRODUCT_BUNDLE_IDENTIFIER = co.willyhsu.DummyJSONProject;
				PRODUCT_NAME = "$(TARGET_NAME)";
				SWIFT_EMIT_LOC_STRINGS = YES;
				SWIFT_VERSION = 5.0;
				TARGETED_DEVICE_FAMILY = "1,2";
			};
			name = Release;
		};
		1539EF392E02B99600ABE12E /* Debug */ = {
			isa = XCBuildConfiguration;
			buildSettings = {
				ALWAYS_SEARCH_USER_PATHS = NO;
				ASSETCATALOG_COMPILER_GENERATE_SWIFT_ASSET_SYMBOL_EXTENSIONS = YES;
				CLANG_ANALYZER_NONNULL = YES;
				CLANG_ANALYZER_NUMBER_OBJECT_CONVERSION = YES_AGGRESSIVE;
				CLANG_CXX_LANGUAGE_STANDARD = "gnu++20";
				CLANG_ENABLE_MODULES = YES;
				CLANG_ENABLE_OBJC_ARC = YES;
				CLANG_ENABLE_OBJC_WEAK = YES;
				CLANG_WARN_BLOCK_CAPTURE_AUTORELEASING = YES;
				CLANG_WARN_BOOL_CONVERSION = YES;
				CLANG_WARN_COMMA = YES;
				CLANG_WARN_CONSTANT_CONVERSION = YES;
				CLANG_WARN_DEPRECATED_OBJC_IMPLEMENTATIONS = YES;
				CLANG_WARN_DIRECT_OBJC_ISA_USAGE = YES_ERROR;
				CLANG_WARN_DOCUMENTATION_COMMENTS = YES;
				CLANG_WARN_EMPTY_BODY = YES;
				CLANG_WARN_ENUM_CONVERSION = YES;
				CLANG_WARN_INFINITE_RECURSION = YES;
				CLANG_WARN_INT_CONVERSION = YES;
				CLANG_WARN_NON_LITERAL_NULL_CONVERSION = YES;
				CLANG_WARN_OBJC_IMPLICIT_RETAIN_SELF = YES;
				CLANG_WARN_OBJC_LITERAL_CONVERSION = YES;
				CLANG_WARN_OBJC_ROOT_CLASS = YES_ERROR;
				CLANG_WARN_QUOTED_INCLUDE_IN_FRAMEWORK_HEADER = YES;
				CLANG_WARN_RANGE_LOOP_ANALYSIS = YES;
				CLANG_WARN_STRICT_PROTOTYPES = YES;
				CLANG_WARN_SUSPICIOUS_MOVE = YES;
				CLANG_WARN_UNGUARDED_AVAILABILITY = YES_AGGRESSIVE;
				CLANG_WARN_UNREACHABLE_CODE = YES;
				CLANG_WARN__DUPLICATE_METHOD_MATCH = YES;
				COPY_PHASE_STRIP = NO;
				DEBUG_INFORMATION_FORMAT = dwarf;
				DEVELOPMENT_TEAM = G5A93Q7SG9;
				ENABLE_STRICT_OBJC_MSGSEND = YES;
				ENABLE_TESTABILITY = YES;
				ENABLE_USER_SCRIPT_SANDBOXING = YES;
				GCC_C_LANGUAGE_STANDARD = gnu17;
				GCC_DYNAMIC_NO_PIC = NO;
				GCC_NO_COMMON_BLOCKS = YES;
				GCC_OPTIMIZATION_LEVEL = 0;
				GCC_PREPROCESSOR_DEFINITIONS = (
					"DEBUG=1",
					"$(inherited)",
				);
				GCC_WARN_64_TO_32_BIT_CONVERSION = YES;
				GCC_WARN_ABOUT_RETURN_TYPE = YES_ERROR;
				GCC_WARN_UNDECLARED_SELECTOR = YES;
				GCC_WARN_UNINITIALIZED_AUTOS = YES_AGGRESSIVE;
				GCC_WARN_UNUSED_FUNCTION = YES;
				GCC_WARN_UNUSED_VARIABLE = YES;
				IPHONEOS_DEPLOYMENT_TARGET = 18.5;
				LOCALIZATION_PREFERS_STRING_CATALOGS = YES;
				MTL_ENABLE_DEBUG_INFO = INCLUDE_SOURCE;
				MTL_FAST_MATH = YES;
				ONLY_ACTIVE_ARCH = YES;
				SDKROOT = iphoneos;
				SWIFT_ACTIVE_COMPILATION_CONDITIONS = "DEBUG $(inherited)";
				SWIFT_OPTIMIZATION_LEVEL = "-Onone";
			};
			name = Debug;
		};
		1539EF3A2E02B99600ABE12E /* Release */ = {
			isa = XCBuildConfiguration;
			buildSettings = {
				ALWAYS_SEARCH_USER_PATHS = NO;
				ASSETCATALOG_COMPILER_GENERATE_SWIFT_ASSET_SYMBOL_EXTENSIONS = YES;
				CLANG_ANALYZER_NONNULL = YES;
				CLANG_ANALYZER_NUMBER_OBJECT_CONVERSION = YES_AGGRESSIVE;
				CLANG_CXX_LANGUAGE_STANDARD = "gnu++20";
				CLANG_ENABLE_MODULES = YES;
				CLANG_ENABLE_OBJC_ARC = YES;
				CLANG_ENABLE_OBJC_WEAK = YES;
				CLANG_WARN_BLOCK_CAPTURE_AUTORELEASING = YES;
				CLANG_WARN_BOOL_CONVERSION = YES;
				CLANG_WARN_COMMA = YES;
				CLANG_WARN_CONSTANT_CONVERSION = YES;
				CLANG_WARN_DEPRECATED_OBJC_IMPLEMENTATIONS = YES;
				CLANG_WARN_DIRECT_OBJC_ISA_USAGE = YES_ERROR;
				CLANG_WARN_DOCUMENTATION_COMMENTS = YES;
				CLANG_WARN_EMPTY_BODY = YES;
				CLANG_WARN_ENUM_CONVERSION = YES;
				CLANG_WARN_INFINITE_RECURSION = YES;
				CLANG_WARN_INT_CONVERSION = YES;
				CLANG_WARN_NON_LITERAL_NULL_CONVERSION = YES;
				CLANG_WARN_OBJC_IMPLICIT_RETAIN_SELF = YES;
				CLANG_WARN_OBJC_LITERAL_CONVERSION = YES;
				CLANG_WARN_OBJC_ROOT_CLASS = YES_ERROR;
				CLANG_WARN_QUOTED_INCLUDE_IN_FRAMEWORK_HEADER = YES;
				CLANG_WARN_RANGE_LOOP_ANALYSIS = YES;
				CLANG_WARN_STRICT_PROTOTYPES = YES;
				CLANG_WARN_SUSPICIOUS_MOVE = YES;
				CLANG_WARN_UNGUARDED_AVAILABILITY = YES_AGGRESSIVE;
				CLANG_WARN_UNREACHABLE_CODE = YES;
				CLANG_WARN__DUPLICATE_METHOD_MATCH = YES;
				COPY_PHASE_STRIP = NO;
				DEBUG_INFORMATION_FORMAT = "dwarf-with-dsym";
				DEVELOPMENT_TEAM = G5A93Q7SG9;
				ENABLE_NS_ASSERTIONS = NO;
				ENABLE_STRICT_OBJC_MSGSEND = YES;
				ENABLE_USER_SCRIPT_SANDBOXING = YES;
				GCC_C_LANGUAGE_STANDARD = gnu17;
				GCC_NO_COMMON_BLOCKS = YES;
				GCC_WARN_64_TO_32_BIT_CONVERSION = YES;
				GCC_WARN_ABOUT_RETURN_TYPE = YES_ERROR;
				GCC_WARN_UNDECLARED_SELECTOR = YES;
				GCC_WARN_UNINITIALIZED_AUTOS = YES_AGGRESSIVE;
				GCC_WARN_UNUSED_FUNCTION = YES;
				GCC_WARN_UNUSED_VARIABLE = YES;
				IPHONEOS_DEPLOYMENT_TARGET = 18.5;
				LOCALIZATION_PREFERS_STRING_CATALOGS = YES;
				MTL_ENABLE_DEBUG_INFO = NO;
				MTL_FAST_MATH = YES;
				SDKROOT = iphoneos;
				SWIFT_COMPILATION_MODE = wholemodule;
				VALIDATE_PRODUCT = YES;
			};
			name = Release;
		};
/* End XCBuildConfiguration section */

/* Begin XCConfigurationList section */
		1539EF1E2E02B99400ABE12E /* Build configuration list for PBXProject "DummyJSONProject" */ = {
			isa = XCConfigurationList;
			buildConfigurations = (
				1539EF392E02B99600ABE12E /* Debug */,
				1539EF3A2E02B99600ABE12E /* Release */,
			);
			defaultConfigurationIsVisible = 0;
			defaultConfigurationName = Release;
		};
		1539EF362E02B99600ABE12E /* Build configuration list for PBXNativeTarget "DummyJSONProject" */ = {
			isa = XCConfigurationList;
			buildConfigurations = (
				1539EF372E02B99600ABE12E /* Debug */,
				1539EF382E02B99600ABE12E /* Release */,
			);
			defaultConfigurationIsVisible = 0;
			defaultConfigurationName = Release;
		};
/* End XCConfigurationList section */

/* Begin XCRemoteSwiftPackageReference section */
		1539EF422E02BCC400ABE12E /* XCRemoteSwiftPackageReference "SnapKit" */ = {
			isa = XCRemoteSwiftPackageReference;
			repositoryURL = "https://github.com/SnapKit/SnapKit";
			requirement = {
				kind = upToNextMajorVersion;
				minimumVersion = 5.7.1;
			};
		};
		1539EF452E02BCD800ABE12E /* XCRemoteSwiftPackageReference "SDWebImage" */ = {
			isa = XCRemoteSwiftPackageReference;
			repositoryURL = "https://github.com/SDWebImage/SDWebImage";
			requirement = {
				kind = upToNextMajorVersion;
				minimumVersion = 5.21.1;
			};
		};
		15E8724C2E02E55A0038BEB7 /* XCRemoteSwiftPackageReference "CombineCocoa" */ = {
			isa = XCRemoteSwiftPackageReference;
			repositoryURL = "https://github.com/CombineCommunity/CombineCocoa";
			requirement = {
				kind = upToNextMajorVersion;
				minimumVersion = 0.4.1;
			};
		};
/* End XCRemoteSwiftPackageReference section */

/* Begin XCSwiftPackageProductDependency section */
		1539EF432E02BCC400ABE12E /* SnapKit */ = {
			isa = XCSwiftPackageProductDependency;
			package = 1539EF422E02BCC400ABE12E /* XCRemoteSwiftPackageReference "SnapKit" */;
			productName = SnapKit;
		};
		1539EF462E02BCD800ABE12E /* SDWebImage */ = {
			isa = XCSwiftPackageProductDependency;
			package = 1539EF452E02BCD800ABE12E /* XCRemoteSwiftPackageReference "SDWebImage" */;
			productName = SDWebImage;
		};
		15E8724D2E02E55A0038BEB7 /* CombineCocoa */ = {
			isa = XCSwiftPackageProductDependency;
			package = 15E8724C2E02E55A0038BEB7 /* XCRemoteSwiftPackageReference "CombineCocoa" */;
			productName = CombineCocoa;
		};
/* End XCSwiftPackageProductDependency section */
	};
	rootObject = 1539EF1B2E02B99400ABE12E /* Project object */;
}
